# This file is autogenerated, do not edit; changes may be undone by the next 'dep ensure'.


[[projects]]
  digest = "1:e92f5581902c345eb4ceffdcd4a854fb8f73cf436d47d837d1ec98ef1fe0a214"
  name = "github.com/StackExchange/wmi"
  packages = ["."]
  pruneopts = "UT"
  revision = "5d049714c4a64225c3c79a7cf7d02f7fb5b96338"
  version = "1.0.0"

[[projects]]
  digest = "1:ffe9824d294da03b391f44e1ae8281281b4afc1bdaa9588c9097785e3af10cec"
  name = "github.com/davecgh/go-spew"
  packages = ["spew"]
  pruneopts = "UT"
  revision = "8991bc29aa16c548c550c7ff78260e27b9ab7c73"
  version = "v1.1.1"

[[projects]]
  digest = "1:584a300ee1f5b6ef7c56f689618829718f4febd36f2d65c7857480c0411b8423"
  name = "github.com/fullstorydev/grpchan"
  packages = [
    ".",
    "inprocgrpc",
    "internal",
  ]
  pruneopts = "UT"
  revision = "03a46bdc47562245604652734186d551c1ac244a"
  version = "v1.0.1"

[[projects]]
  digest = "1:440028f55cb322d8cb5b9d5ebec298a00b7d74690a658fe6b1c0c0b44341bfae"
  name = "github.com/go-ole/go-ole"
  packages = [
    ".",
    "oleutil",
  ]
  pruneopts = "UT"
  revision = "97b6244175ae18ea6eef668034fd6565847501c9"
  version = "v1.2.4"

[[projects]]
  digest = "1:fab646d893820242d3a211d2521f40d2bd4b75783ca64a8d60dccc4f54ecfea1"
  name = "github.com/golang/protobuf"
  packages = [
    "jsonpb",
    "proto",
    "protoc-gen-go/descriptor",
    "ptypes",
    "ptypes/any",
    "ptypes/duration",
    "ptypes/empty",
    "ptypes/struct",
    "ptypes/timestamp",
    "ptypes/wrappers",
  ]
  pruneopts = "UT"
  revision = "6c65a5562fc06764971b7c5d05c76c75e84bdbf7"
  version = "v1.3.2"

[[projects]]
  branch = "master"
  digest = "1:f14d1b50e0075fb00177f12a96dd7addf93d1e2883c25befd17285b779549795"
  name = "github.com/gopherjs/gopherjs"
  packages = ["js"]
  pruneopts = "UT"
  revision = "5d271430af9f3def750dcd7d6fc19eecfead4d2c"

[[projects]]
  digest = "1:cd125a51c22a6a75a4a70352a76f875349c74243ff8b08a4d761f70ac2bd9212"
  name = "github.com/jhump/protoreflect"
  packages = [
    "codec",
    "desc",
    "desc/internal",
    "dynamic",
    "internal",
  ]
  pruneopts = "UT"
  revision = "43f69034e50eb4a370349b6b7194ef0c7b33d5ed"
  version = "v1.6.0"

[[projects]]
  digest = "1:4b63210654b1f2b664f74ec434a1bb1cb442b3d75742cc064a10808d1cca6361"
  name = "github.com/jtolds/gls"
  packages = ["."]
  pruneopts = "UT"
  revision = "b4936e06046bbecbb94cae9c18127ebe510a2cb9"
  version = "v4.20"

[[projects]]
  digest = "1:f97285a3b0a496dcf8801072622230d513f69175665d94de60eb042d03387f6c"
  name = "github.com/julienschmidt/httprouter"
  packages = ["."]
  pruneopts = "UT"
  revision = "348b672cd90d8190f8240323e372ecd1e66b59dc"
  version = "v1.2.0"

[[projects]]
  digest = "1:31e761d97c76151dde79e9d28964a812c46efc5baee4085b86f68f0c654450de"
  name = "github.com/konsorten/go-windows-terminal-sequences"
  packages = ["."]
  pruneopts = "UT"
  revision = "f55edac94c9bbba5d6182a4be46d86a2c9b5b50e"
  version = "v1.0.2"

[[projects]]
  digest = "1:0028cb19b2e4c3112225cd871870f2d9cf49b9b4276531f03438a88e94be86fe"
  name = "github.com/pmezard/go-difflib"
  packages = ["difflib"]
  pruneopts = "UT"
  revision = "792786c7400a136282c1664665ae0a8db921c6c2"
  version = "v1.0.0"

[[projects]]
  digest = "1:62450a8248f9e5bfe97730de19635d81a0d8208bbca502196a4682dc6c72ab71"
  name = "github.com/shirou/gopsutil"
  packages = [
    "cpu",
    "internal/common",
    "mem",
    "net",
    "process",
  ]
  pruneopts = "UT"
  revision = "e4ec7b275ada47ca32799106c2dba142d96aaf93"
  version = "v2.19.8"

[[projects]]
  branch = "master"
  digest = "1:99c6a6dab47067c9b898e8c8b13d130c6ab4ffbcc4b7cc6236c2cd0b1e344f5b"
  name = "github.com/shirou/w32"
  packages = ["."]
  pruneopts = "UT"
  revision = "bb4de0191aa41b5507caa14b0650cdbddcd9280b"

[[projects]]
  digest = "1:04457f9f6f3ffc5fea48e71d62f2ca256637dee0a04d710288e27e05c8b41976"
  name = "github.com/sirupsen/logrus"
  packages = ["."]
  pruneopts = "UT"
  revision = "839c75faf7f98a33d445d181f3018b5c3409a45e"
  version = "v1.4.2"

[[projects]]
  digest = "1:237af0cf68bac89e21af72e6cd6b64f388854895e75f82ad08c6c011e1a8286c"
  name = "github.com/smartystreets/assertions"
  packages = [
    ".",
    "internal/go-diff/diffmatchpatch",
    "internal/go-render/render",
    "internal/oglematchers",
  ]
  pruneopts = "UT"
  revision = "f487f9de1cd36ebab28235b9373028812fb47cbd"
  version = "1.10.1"

[[projects]]
  digest = "1:a3e081e593ee8e3b0a9af6a5dcac964c67a40c4f2034b5345b2ad78d05920728"
  name = "github.com/smartystreets/goconvey"
  packages = [
    "convey",
    "convey/gotest",
    "convey/reporting",
  ]
  pruneopts = "UT"
  revision = "9e8dc3f972df6c8fcc0375ef492c24d0bb204857"
  version = "1.6.3"

[[projects]]
  digest = "1:ac83cf90d08b63ad5f7e020ef480d319ae890c208f8524622a2f3136e2686b02"
  name = "github.com/stretchr/objx"
  packages = ["."]
  pruneopts = "UT"
  revision = "477a77ecc69700c7cdeb1fa9e129548e1c1c393c"
  version = "v0.1.1"

[[projects]]
  digest = "1:d88ba57c4e8f5db6ce9ab6605a89f4542ee751b576884ba5271c2ba3d4b6f2d2"
  name = "github.com/stretchr/testify"
  packages = [
    "assert",
    "mock",
    "require",
    "suite",
  ]
  pruneopts = "UT"
  revision = "221dbe5ed46703ee255b1da0dec05086f5035f62"
  version = "v1.4.0"

[[projects]]
  digest = "1:ca4df663ad76879ad38dbd736493679cbb1aa596c6d479fd9fc5e959e5ceb4fb"
  name = "github.com/urfave/cli"
  packages = ["."]
  pruneopts = "UT"
  revision = "e6cf83ec39f6e1158ced1927d4ed14578fda8edb"
  version = "v1.21.0"

[[projects]]
  branch = "master"
  digest = "1:082ed090a1aedec21b660263f98f72582e431b56e8e27b88cc00faa1510fde14"
  name = "golang.org/x/net"
  packages = [
    "context",
    "http/httpguts",
    "http2",
    "http2/hpack",
    "idna",
    "internal/timeseries",
    "trace",
  ]
  pruneopts = "UT"
  revision = "74dc4d7220e7acc4e100824340f3e66577424772"

[[projects]]
  branch = "master"
  digest = "1:d52ccbb025caf0a2166e0204ed934567b8d0dfdd23a09d947f1f040708888a0a"
  name = "golang.org/x/sys"
  packages = [
    "unix",
    "windows",
  ]
  pruneopts = "UT"
  revision = "fde4db37ae7ad8191b03d30d27f258b5291ae4e3"

[[projects]]
  digest = "1:8d8faad6b12a3a4c819a3f9618cb6ee1fa1cfc33253abeeea8b55336721e3405"
  name = "golang.org/x/text"
  packages = [
    "collate",
    "collate/build",
    "internal/colltab",
    "internal/gen",
    "internal/language",
    "internal/language/compact",
    "internal/tag",
    "internal/triegen",
    "internal/ucd",
    "language",
    "secure/bidirule",
    "transform",
    "unicode/bidi",
    "unicode/cldr",
    "unicode/norm",
    "unicode/rangetable",
  ]
  pruneopts = "UT"
  revision = "342b2e1fbaa52c93f31447ad2c6abc048c63e475"
  version = "v0.3.2"

[[projects]]
  branch = "master"
  digest = "1:583a0c80f5e3a9343d33aea4aead1e1afcc0043db66fdf961ddd1fe8cd3a4faf"
  name = "google.golang.org/genproto"
  packages = ["googleapis/rpc/status"]
  pruneopts = "UT"
  revision = "24fa4b261c55da65468f2abfdae2b024eef27dfb"

[[projects]]
  digest = "1:3b97661db2e5d4c87f7345e875ea28f911e54c715ba0a74be08e1649d67e05cd"
  name = "google.golang.org/grpc"
  packages = [
    ".",
    "balancer",
    "balancer/base",
    "balancer/roundrobin",
    "binarylog/grpc_binarylog_v1",
    "codes",
    "connectivity",
    "credentials",
    "credentials/internal",
    "encoding",
    "encoding/proto",
    "grpclog",
    "internal",
    "internal/backoff",
    "internal/balancerload",
    "internal/binarylog",
    "internal/channelz",
    "internal/envconfig",
    "internal/grpcrand",
    "internal/grpcsync",
    "internal/syscall",
    "internal/transport",
    "keepalive",
    "metadata",
    "naming",
    "peer",
    "resolver",
    "resolver/dns",
    "resolver/passthrough",
    "serviceconfig",
    "stats",
    "status",
    "tap",
  ]
  pruneopts = "UT"
  revision = "6eaf6f47437a6b4e2153a190160ef39a92c7eceb"
  version = "v1.23.0"

[[projects]]
  digest = "1:4d2e5a73dc1500038e504a8d78b986630e3626dc027bc030ba5c75da257cdb96"
  name = "gopkg.in/yaml.v2"
  packages = ["."]
  pruneopts = "UT"
  revision = "51d6538a90f86fe93ac480b35f37b2be17fef232"
  version = "v2.2.2"

[[projects]]
  branch = "v3"
  digest = "1:46754188622566b86271d7526cb643b88c2b9589ee224c2d55e282f0f35a0df8"
  name = "gopkg.in/yaml.v3"
  packages = ["."]
  pruneopts = "UT"
  revision = "674ba3eaed223079f9377fbb0c98c0951bf6ec10"

[solve-meta]
  analyzer-name = "dep"
  analyzer-version = 1
  input-imports = [
    "github.com/fullstorydev/grpchan",
    "github.com/fullstorydev/grpchan/inprocgrpc",
    "github.com/golang/protobuf/proto",
    "github.com/julienschmidt/httprouter",
    "github.com/shirou/gopsutil/cpu",
    "github.com/shirou/gopsutil/mem",
    "github.com/shirou/gopsutil/process",
    "github.com/sirupsen/logrus",
    "github.com/smartystreets/goconvey/convey",
    "github.com/stretchr/testify/mock",
    "github.com/stretchr/testify/require",
    "github.com/stretchr/testify/suite",
    "github.com/urfave/cli",
    "golang.org/x/net/context",
    "google.golang.org/grpc",
    "google.golang.org/grpc/credentials",
    "google.golang.org/grpc/metadata",
    "gopkg.in/yaml.v3",
  ]
  solver-name = "gps-cdcl"
  solver-version = 1
